
Microsoft Visual Studio Solution File, Format Version 12.00
# Visual Studio Version 16
VisualStudioVersion = 16.0.31410.357
MinimumVisualStudioVersion = 10.0.40219.1
Project("{9A19103F-16F7-4668-BE54-9A1E7A4F7556}") = "ChatApp", "ChatApp\ChatApp.csproj", "{32CEC0CC-FC27-4564-B510-659F36112A01}"
EndProject
Project("{FAE04EC0-301F-11D3-BF4B-00C04F79EFBC}") = "ChatApp.Mobile.Android", "ChatApp.Mobile\ChatApp.Mobile.Android\ChatApp.Mobile.Android.csproj", "{ADC38398-19EB-4424-A61D-BBA3269E4363}"
EndProject
Project("{FAE04EC0-301F-11D3-BF4B-00C04F79EFBC}") = "ChatApp.Mobile.iOS", "ChatApp.Mobile\ChatApp.Mobile.iOS\ChatApp.Mobile.iOS.csproj", "{1B0508FF-5D42-4EB6-9FE7-94F75202BC3F}"
EndProject
Project("{FAE04EC0-301F-11D3-BF4B-00C04F79EFBC}") = "ChatApp.Mobile", "ChatApp.Mobile\ChatApp.Mobile\ChatApp.Mobile.csproj", "{234ECFCA-A34A-4D80-818C-841CEE9D4AD4}"
EndProject
Global
	GlobalSection(SolutionConfigurationPlatforms) = preSolution
		Debug|Any CPU = Debug|Any CPU
		Debug|iPhone = Debug|iPhone
		Debug|iPhoneSimulator = Debug|iPhoneSimulator
		Release|Any CPU = Release|Any CPU
		Release|iPhone = Release|iPhone
		Release|iPhoneSimulator = Release|iPhoneSimulator
	EndGlobalSection
	GlobalSection(ProjectConfigurationPlatforms) = postSolution
		{32CEC0CC-FC27-4564-B510-659F36112A01}.Debug|Any CPU.ActiveCfg = Debug|Any CPU
		{32CEC0CC-FC27-4564-B510-659F36112A01}.Debug|Any CPU.Build.0 = Debug|Any CPU
		{32CEC0CC-FC27-4564-B510-659F36112A01}.Debug|iPhone.ActiveCfg = Debug|Any CPU
		{32CEC0CC-FC27-4564-B510-659F36112A01}.Debug|iPhone.Build.0 = Debug|Any CPU
		{32CEC0CC-FC27-4564-B510-659F36112A01}.Debug|iPhoneSimulator.ActiveCfg = Debug|Any CPU
		{32CEC0CC-FC27-4564-B510-659F36112A01}.Debug|iPhoneSimulator.Build.0 = Debug|Any CPU
		{32CEC0CC-FC27-4564-B510-659F36112A01}.Release|Any CPU.ActiveCfg = Release|Any CPU
		{32CEC0CC-FC27-4564-B510-659F36112A01}.Release|Any CPU.Build.0 = Release|Any CPU
		{32CEC0CC-FC27-4564-B510-659F36112A01}.Release|iPhone.ActiveCfg = Release|Any CPU
		{32CEC0CC-FC27-4564-B510-659F36112A01}.Release|iPhone.Build.0 = Release|Any CPU
		{32CEC0CC-FC27-4564-B510-659F36112A01}.Release|iPhoneSimulator.ActiveCfg = Release|Any CPU
		{32CEC0CC-FC27-4564-B510-659F36112A01}.Release|iPhoneSimulator.Build.0 = Release|Any CPU
		{ADC38398-19EB-4424-A61D-BBA3269E4363}.Debug|Any CPU.ActiveCfg = Debug|Any CPU
		{ADC38398-19EB-4424-A61D-BBA3269E4363}.Debug|Any CPU.Build.0 = Debug|Any CPU
		{ADC38398-19EB-4424-A61D-BBA3269E4363}.Debug|Any CPU.Deploy.0 = Debug|Any CPU
		{ADC38398-19EB-4424-A61D-BBA3269E4363}.Debug|iPhone.ActiveCfg = Debug|Any CPU
		{ADC38398-19EB-4424-A61D-BBA3269E4363}.Debug|iPhone.Build.0 = Debug|Any CPU
		{ADC38398-19EB-4424-A61D-BBA3269E4363}.Debug|iPhone.Deploy.0 = Debug|Any CPU
		{ADC38398-19EB-4424-A61D-BBA3269E4363}.Debug|iPhoneSimulator.ActiveCfg = Debug|Any CPU
		{ADC38398-19EB-4424-A61D-BBA3269E4363}.Debug|iPhoneSimulator.Build.0 = Debug|Any CPU
		{ADC38398-19EB-4424-A61D-BBA3269E4363}.Debug|iPhoneSimulator.Deploy.0 = Debug|Any CPU
		{ADC38398-19EB-4424-A61D-BBA3269E4363}.Release|Any CPU.ActiveCfg = Release|Any CPU
		{ADC38398-19EB-4424-A61D-BBA3269E4363}.Release|Any CPU.Build.0 = Release|Any CPU
		{ADC38398-19EB-4424-A61D-BBA3269E4363}.Release|Any CPU.Deploy.0 = Release|Any CPU
		{ADC38398-19EB-4424-A61D-BBA3269E4363}.Release|iPhone.ActiveCfg = Release|Any CPU
		{ADC38398-19EB-4424-A61D-BBA3269E4363}.Release|iPhone.Build.0 = Release|Any CPU
		{ADC38398-19EB-4424-A61D-BBA3269E4363}.Release|iPhone.Deploy.0 = Release|Any CPU
		{ADC38398-19EB-4424-A61D-BBA3269E4363}.Release|iPhoneSimulator.ActiveCfg = Release|Any CPU
		{ADC38398-19EB-4424-A61D-BBA3269E4363}.Release|iPhoneSimulator.Build.0 = Release|Any CPU
		{ADC38398-19EB-4424-A61D-BBA3269E4363}.Release|iPhoneSimulator.Deploy.0 = Release|Any CPU
		{1B0508FF-5D42-4EB6-9FE7-94F75202BC3F}.Debug|Any CPU.ActiveCfg = Debug|iPhoneSimulator
		{1B0508FF-5D42-4EB6-9FE7-94F75202BC3F}.Debug|iPhone.ActiveCfg = Debug|iPhone
		{1B0508FF-5D42-4EB6-9FE7-94F75202BC3F}.Debug|iPhone.Build.0 = Debug|iPhone
		{1B0508FF-5D42-4EB6-9FE7-94F75202BC3F}.Debug|iPhoneSimulator.ActiveCfg = Debug|iPhoneSimulator
		{1B0508FF-5D42-4EB6-9FE7-94F75202BC3F}.Debug|iPhoneSimulator.Build.0 = Debug|iPhoneSimulator
		{1B0508FF-5D42-4EB6-9FE7-94F75202BC3F}.Release|Any CPU.ActiveCfg = Release|iPhoneSimulator
		{1B0508FF-5D42-4EB6-9FE7-94F75202BC3F}.Release|iPhone.ActiveCfg = Release|iPhone
		{1B0508FF-5D42-4EB6-9FE7-94F75202BC3F}.Release|iPhone.Build.0 = Release|iPhone
		{1B0508FF-5D42-4EB6-9FE7-94F75202BC3F}.Release|iPhoneSimulator.ActiveCfg = Release|iPhoneSimulator
		{1B0508FF-5D42-4EB6-9FE7-94F75202BC3F}.Release|iPhoneSimulator.Build.0 = Release|iPhoneSimulator
		{234ECFCA-A34A-4D80-818C-841CEE9D4AD4}.Debug|Any CPU.ActiveCfg = Debug|Any CPU
		{234ECFCA-A34A-4D80-818C-841CEE9D4AD4}.Debug|Any CPU.Build.0 = Debug|Any CPU
		{234ECFCA-A34A-4D80-818C-841CEE9D4AD4}.Debug|iPhone.ActiveCfg = Debug|Any CPU
		{234ECFCA-A34A-4D80-818C-841CEE9D4AD4}.Debug|iPhone.Build.0 = Debug|Any CPU
		{234ECFCA-A34A-4D80-818C-841CEE9D4AD4}.Debug|iPhoneSimulator.ActiveCfg = Debug|Any CPU
		{234ECFCA-A34A-4D80-818C-841CEE9D4AD4}.Debug|iPhoneSimulator.Build.0 = Debug|Any CPU
		{234ECFCA-A34A-4D80-818C-841CEE9D4AD4}.Release|Any CPU.ActiveCfg = Release|Any CPU
		{234ECFCA-A34A-4D80-818C-841CEE9D4AD4}.Release|Any CPU.Build.0 = Release|Any CPU
		{234ECFCA-A34A-4D80-818C-841CEE9D4AD4}.Release|iPhone.ActiveCfg = Release|Any CPU
		{234ECFCA-A34A-4D80-818C-841CEE9D4AD4}.Release|iPhone.Build.0 = Release|Any CPU
		{234ECFCA-A34A-4D80-818C-841CEE9D4AD4}.Release|iPhoneSimulator.ActiveCfg = Release|Any CPU
		{234ECFCA-A34A-4D80-818C-841CEE9D4AD4}.Release|iPhoneSimulator.Build.0 = Release|Any CPU
	EndGlobalSection
	GlobalSection(SolutionProperties) = preSolution
		HideSolutionNode = FALSE
	EndGlobalSection
	GlobalSection(ExtensibilityGlobals) = postSolution
		SolutionGuid = {EF37C264-7E05-404B-85B1-C01F56CED203}
	EndGlobalSection
EndGlobal
